{
  "version": 4,
  "terraform_version": "1.5.6",
  "serial": 14,
  "lineage": "109a4666-7ebf-b16f-64ec-35349ecf7a02",
  "outputs": {},
  "resources": [
    {
      "mode": "managed",
      "type": "azurerm_network_interface",
      "name": "my_terraform_nic",
      "provider": "provider[\"registry.terraform.io/hashicorp/azurerm\"]",
      "instances": [
        {
          "schema_version": 0,
          "attributes": {
            "applied_dns_servers": [],
            "auxiliary_mode": "",
            "auxiliary_sku": "",
            "dns_servers": [],
            "edge_zone": "",
            "enable_accelerated_networking": false,
            "enable_ip_forwarding": false,
            "id": "/subscriptions/954c8b87-0788-49c2-960b-b90f1a19ec9b/resourceGroups/my-first-terraform-RG/providers/Microsoft.Network/networkInterfaces/my-first-terraform-myNIC",
            "internal_dns_name_label": "",
            "internal_domain_name_suffix": "f2kqpsfcv2xuvaooq3fdvsj3kb.bx.internal.cloudapp.net",
            "ip_configuration": [
              {
                "gateway_load_balancer_frontend_ip_configuration_id": "",
                "name": "my-first-terraform-nic-configuration",
                "primary": true,
                "private_ip_address": "10.0.1.4",
                "private_ip_address_allocation": "Dynamic",
                "private_ip_address_version": "IPv4",
                "public_ip_address_id": "/subscriptions/954c8b87-0788-49c2-960b-b90f1a19ec9b/resourceGroups/my-first-terraform-RG/providers/Microsoft.Network/publicIPAddresses/my-first-terraform-PublicIP",
                "subnet_id": "/subscriptions/954c8b87-0788-49c2-960b-b90f1a19ec9b/resourceGroups/my-first-terraform-RG/providers/Microsoft.Network/virtualNetworks/my-first-terraform-network/subnets/my-first-terraform-subnet"
              }
            ],
            "location": "eastus",
            "mac_address": "00-0D-3A-14-F5-FD",
            "name": "my-first-terraform-myNIC",
            "private_ip_address": "10.0.1.4",
            "private_ip_addresses": [
              "10.0.1.4"
            ],
            "resource_group_name": "my-first-terraform-RG",
            "tags": {},
            "timeouts": null,
            "virtual_machine_id": "/subscriptions/954c8b87-0788-49c2-960b-b90f1a19ec9b/resourceGroups/my-first-terraform-RG/providers/Microsoft.Compute/virtualMachines/my-first-terraform-VM"
          },
          "sensitive_attributes": [],
          "private": "eyJlMmJmYjczMC1lY2FhLTExZTYtOGY4OC0zNDM2M2JjN2M0YzAiOnsiY3JlYXRlIjoxODAwMDAwMDAwMDAwLCJkZWxldGUiOjE4MDAwMDAwMDAwMDAsInJlYWQiOjMwMDAwMDAwMDAwMCwidXBkYXRlIjoxODAwMDAwMDAwMDAwfX0=",
          "dependencies": [
            "azurerm_public_ip.my_terraform_public_ip",
            "azurerm_resource_group.rg",
            "azurerm_subnet.my_terraform_subnet",
            "azurerm_virtual_network.my_terraform_network"
          ]
        }
      ]
    },
    {
      "mode": "managed",
      "type": "azurerm_network_interface_security_group_association",
      "name": "my-nsg-assoc",
      "provider": "provider[\"registry.terraform.io/hashicorp/azurerm\"]",
      "instances": [
        {
          "schema_version": 0,
          "attributes": {
            "id": "/subscriptions/954c8b87-0788-49c2-960b-b90f1a19ec9b/resourceGroups/my-first-terraform-RG/providers/Microsoft.Network/networkInterfaces/my-first-terraform-myNIC|/subscriptions/954c8b87-0788-49c2-960b-b90f1a19ec9b/resourceGroups/my-first-terraform-RG/providers/Microsoft.Network/networkSecurityGroups/my-first-terraform-NetworkSecurityGroup",
            "network_interface_id": "/subscriptions/954c8b87-0788-49c2-960b-b90f1a19ec9b/resourceGroups/my-first-terraform-RG/providers/Microsoft.Network/networkInterfaces/my-first-terraform-myNIC",
            "network_security_group_id": "/subscriptions/954c8b87-0788-49c2-960b-b90f1a19ec9b/resourceGroups/my-first-terraform-RG/providers/Microsoft.Network/networkSecurityGroups/my-first-terraform-NetworkSecurityGroup",
            "timeouts": null
          },
          "sensitive_attributes": [],
          "private": "eyJlMmJmYjczMC1lY2FhLTExZTYtOGY4OC0zNDM2M2JjN2M0YzAiOnsiY3JlYXRlIjoxODAwMDAwMDAwMDAwLCJkZWxldGUiOjE4MDAwMDAwMDAwMDAsInJlYWQiOjMwMDAwMDAwMDAwMH19",
          "dependencies": [
            "azurerm_network_interface.my_terraform_nic",
            "azurerm_network_security_group.my_terraform_nsg",
            "azurerm_public_ip.my_terraform_public_ip",
            "azurerm_resource_group.rg",
            "azurerm_subnet.my_terraform_subnet",
            "azurerm_virtual_network.my_terraform_network"
          ]
        }
      ]
    },
    {
      "mode": "managed",
      "type": "azurerm_network_security_group",
      "name": "my_terraform_nsg",
      "provider": "provider[\"registry.terraform.io/hashicorp/azurerm\"]",
      "instances": [
        {
          "schema_version": 0,
          "attributes": {
            "id": "/subscriptions/954c8b87-0788-49c2-960b-b90f1a19ec9b/resourceGroups/my-first-terraform-RG/providers/Microsoft.Network/networkSecurityGroups/my-first-terraform-NetworkSecurityGroup",
            "location": "eastus",
            "name": "my-first-terraform-NetworkSecurityGroup",
            "resource_group_name": "my-first-terraform-RG",
            "security_rule": [
              {
                "access": "Allow",
                "description": "",
                "destination_address_prefix": "*",
                "destination_address_prefixes": [],
                "destination_application_security_group_ids": [],
                "destination_port_range": "22",
                "destination_port_ranges": [],
                "direction": "Inbound",
                "name": "SSH",
                "priority": 200,
                "protocol": "Tcp",
                "source_address_prefix": "*",
                "source_address_prefixes": [],
                "source_application_security_group_ids": [],
                "source_port_range": "*",
                "source_port_ranges": []
              }
            ],
            "tags": {},
            "timeouts": null
          },
          "sensitive_attributes": [],
          "private": "eyJlMmJmYjczMC1lY2FhLTExZTYtOGY4OC0zNDM2M2JjN2M0YzAiOnsiY3JlYXRlIjoxODAwMDAwMDAwMDAwLCJkZWxldGUiOjE4MDAwMDAwMDAwMDAsInJlYWQiOjMwMDAwMDAwMDAwMCwidXBkYXRlIjoxODAwMDAwMDAwMDAwfX0=",
          "dependencies": [
            "azurerm_resource_group.rg"
          ]
        }
      ]
    },
    {
      "mode": "managed",
      "type": "azurerm_public_ip",
      "name": "my_terraform_public_ip",
      "provider": "provider[\"registry.terraform.io/hashicorp/azurerm\"]",
      "instances": [
        {
          "schema_version": 0,
          "attributes": {
            "allocation_method": "Dynamic",
            "ddos_protection_mode": "VirtualNetworkInherited",
            "ddos_protection_plan_id": null,
            "domain_name_label": null,
            "edge_zone": "",
            "fqdn": null,
            "id": "/subscriptions/954c8b87-0788-49c2-960b-b90f1a19ec9b/resourceGroups/my-first-terraform-RG/providers/Microsoft.Network/publicIPAddresses/my-first-terraform-PublicIP",
            "idle_timeout_in_minutes": 4,
            "ip_address": "40.117.99.73",
            "ip_tags": {},
            "ip_version": "IPv4",
            "location": "eastus",
            "name": "my-first-terraform-PublicIP",
            "public_ip_prefix_id": null,
            "resource_group_name": "my-first-terraform-RG",
            "reverse_fqdn": null,
            "sku": "Basic",
            "sku_tier": "Regional",
            "tags": {},
            "timeouts": null,
            "zones": []
          },
          "sensitive_attributes": [],
          "private": "eyJlMmJmYjczMC1lY2FhLTExZTYtOGY4OC0zNDM2M2JjN2M0YzAiOnsiY3JlYXRlIjoxODAwMDAwMDAwMDAwLCJkZWxldGUiOjE4MDAwMDAwMDAwMDAsInJlYWQiOjMwMDAwMDAwMDAwMCwidXBkYXRlIjoxODAwMDAwMDAwMDAwfX0=",
          "dependencies": [
            "azurerm_resource_group.rg"
          ]
        }
      ]
    },
    {
      "mode": "managed",
      "type": "azurerm_resource_group",
      "name": "rg",
      "provider": "provider[\"registry.terraform.io/hashicorp/azurerm\"]",
      "instances": [
        {
          "schema_version": 0,
          "attributes": {
            "id": "/subscriptions/954c8b87-0788-49c2-960b-b90f1a19ec9b/resourceGroups/my-first-terraform-RG",
            "location": "eastus",
            "managed_by": "",
            "name": "my-first-terraform-RG",
            "tags": {},
            "timeouts": null
          },
          "sensitive_attributes": [],
          "private": "eyJlMmJmYjczMC1lY2FhLTExZTYtOGY4OC0zNDM2M2JjN2M0YzAiOnsiY3JlYXRlIjo1NDAwMDAwMDAwMDAwLCJkZWxldGUiOjU0MDAwMDAwMDAwMDAsInJlYWQiOjMwMDAwMDAwMDAwMCwidXBkYXRlIjo1NDAwMDAwMDAwMDAwfX0="
        }
      ]
    },
    {
      "mode": "managed",
      "type": "azurerm_subnet",
      "name": "my_terraform_subnet",
      "provider": "provider[\"registry.terraform.io/hashicorp/azurerm\"]",
      "instances": [
        {
          "schema_version": 0,
          "attributes": {
            "address_prefixes": [
              "10.0.1.0/24"
            ],
            "delegation": [],
            "enforce_private_link_endpoint_network_policies": false,
            "enforce_private_link_service_network_policies": false,
            "id": "/subscriptions/954c8b87-0788-49c2-960b-b90f1a19ec9b/resourceGroups/my-first-terraform-RG/providers/Microsoft.Network/virtualNetworks/my-first-terraform-network/subnets/my-first-terraform-subnet",
            "name": "my-first-terraform-subnet",
            "private_endpoint_network_policies_enabled": true,
            "private_link_service_network_policies_enabled": true,
            "resource_group_name": "my-first-terraform-RG",
            "service_endpoint_policy_ids": [],
            "service_endpoints": [],
            "timeouts": null,
            "virtual_network_name": "my-first-terraform-network"
          },
          "sensitive_attributes": [],
          "private": "eyJlMmJmYjczMC1lY2FhLTExZTYtOGY4OC0zNDM2M2JjN2M0YzAiOnsiY3JlYXRlIjoxODAwMDAwMDAwMDAwLCJkZWxldGUiOjE4MDAwMDAwMDAwMDAsInJlYWQiOjMwMDAwMDAwMDAwMCwidXBkYXRlIjoxODAwMDAwMDAwMDAwfX0=",
          "dependencies": [
            "azurerm_resource_group.rg",
            "azurerm_virtual_network.my_terraform_network"
          ]
        }
      ]
    },
    {
      "mode": "managed",
      "type": "azurerm_virtual_network",
      "name": "my_terraform_network",
      "provider": "provider[\"registry.terraform.io/hashicorp/azurerm\"]",
      "instances": [
        {
          "schema_version": 0,
          "attributes": {
            "address_space": [
              "10.0.0.0/16"
            ],
            "bgp_community": "",
            "ddos_protection_plan": [],
            "dns_servers": [],
            "edge_zone": "",
            "encryption": [],
            "flow_timeout_in_minutes": 0,
            "guid": "c807152f-afa2-4a2f-81ce-874a3ac93d51",
            "id": "/subscriptions/954c8b87-0788-49c2-960b-b90f1a19ec9b/resourceGroups/my-first-terraform-RG/providers/Microsoft.Network/virtualNetworks/my-first-terraform-network",
            "location": "eastus",
            "name": "my-first-terraform-network",
            "resource_group_name": "my-first-terraform-RG",
            "subnet": [
              {
                "address_prefix": "10.0.1.0/24",
                "id": "/subscriptions/954c8b87-0788-49c2-960b-b90f1a19ec9b/resourceGroups/my-first-terraform-RG/providers/Microsoft.Network/virtualNetworks/my-first-terraform-network/subnets/my-first-terraform-subnet",
                "name": "my-first-terraform-subnet",
                "security_group": ""
              }
            ],
            "tags": {},
            "timeouts": null
          },
          "sensitive_attributes": [],
          "private": "eyJlMmJmYjczMC1lY2FhLTExZTYtOGY4OC0zNDM2M2JjN2M0YzAiOnsiY3JlYXRlIjoxODAwMDAwMDAwMDAwLCJkZWxldGUiOjE4MDAwMDAwMDAwMDAsInJlYWQiOjMwMDAwMDAwMDAwMCwidXBkYXRlIjoxODAwMDAwMDAwMDAwfX0=",
          "dependencies": [
            "azurerm_resource_group.rg"
          ]
        }
      ]
    }
  ],
  "check_results": null
}
